
Microsoft Visual Studio Solution File, Format Version 12.00
# Visual Studio 2012
Project("{FAE04EC0-301F-11D3-BF4B-00C04F79EFBC}") = "TrainingGuys", "TrainingGuys\TrainingGuys.csproj", "{5BB60BE8-043C-4BA3-99AF-C938364371D7}"
EndProject
Project("{FAE04EC0-301F-11D3-BF4B-00C04F79EFBC}") = "TrainingGuys.iOS", "TrainingGuys.iOS\TrainingGuys.iOS.csproj", "{A5977258-2062-4354-898E-AFB089A41267}"
EndProject
Project("{FAE04EC0-301F-11D3-BF4B-00C04F79EFBC}") = "TrainingGuys.Droid", "TrainingGuys.Droid\TrainingGuys.Droid.csproj", "{0B9CA6DA-3A59-4661-BB56-7C060707E89B}"
EndProject
Global
	GlobalSection(SolutionConfigurationPlatforms) = preSolution
		Debug|Any CPU = Debug|Any CPU
		Release|Any CPU = Release|Any CPU
		Debug|iPhoneSimulator = Debug|iPhoneSimulator
		Release|iPhone = Release|iPhone
		Release|iPhoneSimulator = Release|iPhoneSimulator
		Debug|iPhone = Debug|iPhone
	EndGlobalSection
	GlobalSection(ProjectConfigurationPlatforms) = postSolution
		{5BB60BE8-043C-4BA3-99AF-C938364371D7}.Debug|Any CPU.ActiveCfg = Debug|Any CPU
		{5BB60BE8-043C-4BA3-99AF-C938364371D7}.Debug|Any CPU.Build.0 = Debug|Any CPU
		{5BB60BE8-043C-4BA3-99AF-C938364371D7}.Release|Any CPU.ActiveCfg = Release|Any CPU
		{5BB60BE8-043C-4BA3-99AF-C938364371D7}.Release|Any CPU.Build.0 = Release|Any CPU
		{5BB60BE8-043C-4BA3-99AF-C938364371D7}.Debug|iPhoneSimulator.ActiveCfg = Debug|Any CPU
		{5BB60BE8-043C-4BA3-99AF-C938364371D7}.Debug|iPhoneSimulator.Build.0 = Debug|Any CPU
		{5BB60BE8-043C-4BA3-99AF-C938364371D7}.Release|iPhone.ActiveCfg = Release|Any CPU
		{5BB60BE8-043C-4BA3-99AF-C938364371D7}.Release|iPhone.Build.0 = Release|Any CPU
		{5BB60BE8-043C-4BA3-99AF-C938364371D7}.Release|iPhoneSimulator.ActiveCfg = Release|Any CPU
		{5BB60BE8-043C-4BA3-99AF-C938364371D7}.Release|iPhoneSimulator.Build.0 = Release|Any CPU
		{5BB60BE8-043C-4BA3-99AF-C938364371D7}.Debug|iPhone.ActiveCfg = Debug|Any CPU
		{5BB60BE8-043C-4BA3-99AF-C938364371D7}.Debug|iPhone.Build.0 = Debug|Any CPU
		{A5977258-2062-4354-898E-AFB089A41267}.Debug|Any CPU.ActiveCfg = Debug|iPhoneSimulator
		{A5977258-2062-4354-898E-AFB089A41267}.Debug|Any CPU.Build.0 = Debug|iPhoneSimulator
		{A5977258-2062-4354-898E-AFB089A41267}.Release|Any CPU.ActiveCfg = Release|iPhone
		{A5977258-2062-4354-898E-AFB089A41267}.Release|Any CPU.Build.0 = Release|iPhone
		{A5977258-2062-4354-898E-AFB089A41267}.Debug|iPhoneSimulator.ActiveCfg = Debug|iPhoneSimulator
		{A5977258-2062-4354-898E-AFB089A41267}.Debug|iPhoneSimulator.Build.0 = Debug|iPhoneSimulator
		{A5977258-2062-4354-898E-AFB089A41267}.Release|iPhone.ActiveCfg = Release|iPhone
		{A5977258-2062-4354-898E-AFB089A41267}.Release|iPhone.Build.0 = Release|iPhone
		{A5977258-2062-4354-898E-AFB089A41267}.Release|iPhoneSimulator.ActiveCfg = Release|iPhoneSimulator
		{A5977258-2062-4354-898E-AFB089A41267}.Release|iPhoneSimulator.Build.0 = Release|iPhoneSimulator
		{A5977258-2062-4354-898E-AFB089A41267}.Debug|iPhone.ActiveCfg = Debug|iPhone
		{A5977258-2062-4354-898E-AFB089A41267}.Debug|iPhone.Build.0 = Debug|iPhone
		{0B9CA6DA-3A59-4661-BB56-7C060707E89B}.Debug|Any CPU.ActiveCfg = Debug|Any CPU
		{0B9CA6DA-3A59-4661-BB56-7C060707E89B}.Debug|Any CPU.Build.0 = Debug|Any CPU
		{0B9CA6DA-3A59-4661-BB56-7C060707E89B}.Release|Any CPU.ActiveCfg = Release|Any CPU
		{0B9CA6DA-3A59-4661-BB56-7C060707E89B}.Release|Any CPU.Build.0 = Release|Any CPU
		{0B9CA6DA-3A59-4661-BB56-7C060707E89B}.Debug|iPhoneSimulator.ActiveCfg = Debug|Any CPU
		{0B9CA6DA-3A59-4661-BB56-7C060707E89B}.Debug|iPhoneSimulator.Build.0 = Debug|Any CPU
		{0B9CA6DA-3A59-4661-BB56-7C060707E89B}.Release|iPhone.ActiveCfg = Release|Any CPU
		{0B9CA6DA-3A59-4661-BB56-7C060707E89B}.Release|iPhone.Build.0 = Release|Any CPU
		{0B9CA6DA-3A59-4661-BB56-7C060707E89B}.Release|iPhoneSimulator.ActiveCfg = Release|Any CPU
		{0B9CA6DA-3A59-4661-BB56-7C060707E89B}.Release|iPhoneSimulator.Build.0 = Release|Any CPU
		{0B9CA6DA-3A59-4661-BB56-7C060707E89B}.Debug|iPhone.ActiveCfg = Debug|Any CPU
		{0B9CA6DA-3A59-4661-BB56-7C060707E89B}.Debug|iPhone.Build.0 = Debug|Any CPU
	EndGlobalSection
EndGlobal
